
Microsoft Visual Studio Solution File, Format Version 12.00
# Visual Studio Version 17
VisualStudioVersion = 17.9.34723.18
MinimumVisualStudioVersion = 10.0.40219.1
Project("{9A19103F-16F7-4668-BE54-9A1E7A4F7556}") = "CEntidades", "CEntidades\CEntidades.csproj", "{1BCB39C5-8616-4BAB-9ED8-6EDF90903FD4}"
EndProject
Project("{9A19103F-16F7-4668-BE54-9A1E7A4F7556}") = "CLogica", "CLogica\CLogica.csproj", "{CE389FBE-7BF7-4664-84D2-AF2B1EB9FBCA}"
	ProjectSection(ProjectDependencies) = postProject
		{1BCB39C5-8616-4BAB-9ED8-6EDF90903FD4} = {1BCB39C5-8616-4BAB-9ED8-6EDF90903FD4}
		{EF849AEE-4F51-49BA-B33E-2CB68D840BDF} = {EF849AEE-4F51-49BA-B33E-2CB68D840BDF}
	EndProjectSection
EndProject
Project("{9A19103F-16F7-4668-BE54-9A1E7A4F7556}") = "CDatos", "CDatos\CDatos.csproj", "{EF849AEE-4F51-49BA-B33E-2CB68D840BDF}"
	ProjectSection(ProjectDependencies) = postProject
		{1BCB39C5-8616-4BAB-9ED8-6EDF90903FD4} = {1BCB39C5-8616-4BAB-9ED8-6EDF90903FD4}
	EndProjectSection
EndProject
Project("{9A19103F-16F7-4668-BE54-9A1E7A4F7556}") = "CPresentacion", "CPresentacion\CPresentacion.csproj", "{8225EBF5-EBFA-4E07-A40E-4F31831C375B}"
EndProject
Global
	GlobalSection(SolutionConfigurationPlatforms) = preSolution
		Debug|Any CPU = Debug|Any CPU
		Release|Any CPU = Release|Any CPU
	EndGlobalSection
	GlobalSection(ProjectConfigurationPlatforms) = postSolution
		{1BCB39C5-8616-4BAB-9ED8-6EDF90903FD4}.Debug|Any CPU.ActiveCfg = Debug|Any CPU
		{1BCB39C5-8616-4BAB-9ED8-6EDF90903FD4}.Debug|Any CPU.Build.0 = Debug|Any CPU
		{1BCB39C5-8616-4BAB-9ED8-6EDF90903FD4}.Release|Any CPU.ActiveCfg = Release|Any CPU
		{1BCB39C5-8616-4BAB-9ED8-6EDF90903FD4}.Release|Any CPU.Build.0 = Release|Any CPU
		{CE389FBE-7BF7-4664-84D2-AF2B1EB9FBCA}.Debug|Any CPU.ActiveCfg = Debug|Any CPU
		{CE389FBE-7BF7-4664-84D2-AF2B1EB9FBCA}.Debug|Any CPU.Build.0 = Debug|Any CPU
		{CE389FBE-7BF7-4664-84D2-AF2B1EB9FBCA}.Release|Any CPU.ActiveCfg = Release|Any CPU
		{CE389FBE-7BF7-4664-84D2-AF2B1EB9FBCA}.Release|Any CPU.Build.0 = Release|Any CPU
		{EF849AEE-4F51-49BA-B33E-2CB68D840BDF}.Debug|Any CPU.ActiveCfg = Debug|Any CPU
		{EF849AEE-4F51-49BA-B33E-2CB68D840BDF}.Debug|Any CPU.Build.0 = Debug|Any CPU
		{EF849AEE-4F51-49BA-B33E-2CB68D840BDF}.Release|Any CPU.ActiveCfg = Release|Any CPU
		{EF849AEE-4F51-49BA-B33E-2CB68D840BDF}.Release|Any CPU.Build.0 = Release|Any CPU
		{8225EBF5-EBFA-4E07-A40E-4F31831C375B}.Debug|Any CPU.ActiveCfg = Debug|Any CPU
		{8225EBF5-EBFA-4E07-A40E-4F31831C375B}.Debug|Any CPU.Build.0 = Debug|Any CPU
		{8225EBF5-EBFA-4E07-A40E-4F31831C375B}.Release|Any CPU.ActiveCfg = Release|Any CPU
		{8225EBF5-EBFA-4E07-A40E-4F31831C375B}.Release|Any CPU.Build.0 = Release|Any CPU
	EndGlobalSection
	GlobalSection(SolutionProperties) = preSolution
		HideSolutionNode = FALSE
	EndGlobalSection
	GlobalSection(ExtensibilityGlobals) = postSolution
		SolutionGuid = {3E9A7123-9A11-4554-A26B-6611D76D38F9}
	EndGlobalSection
EndGlobal
